#MicroXplorer Configuration settings - do not modify
Mcu.Family=STM32F7
ProjectManager.MainLocation=Core/Src
FREERTOS.Queues01=debugMsgQueue,4,debugMsg,0,Static,debugMsgQueueBuffer,debugMsgQueueControlBlock
I2C2.IPParameters=Timing
RCC.USART1Freq_Value=108000000
RCC.SAI1Freq_Value=96000000
RCC.CortexFreq_Value=216000000
ProjectManager.KeepUserCode=true
Mcu.UserName=STM32F767ZITx
PB10.Mode=Asynchronous
RCC.PLLCLKFreq_Value=216000000
RCC.PLLQCLKFreq_Value=48000000
I2C2.Timing=0x20404768
ProjectManager.functionlistsort=1-MX_GPIO_Init-GPIO-false-HAL-true,2-SystemClock_Config-RCC-false-HAL-false,3-MX_I2C2_Init-I2C2-false-HAL-true,4-MX_USART3_UART_Init-USART3-false-HAL-true,5-MX_USB_OTG_FS_PCD_Init-USB_OTG_FS-false-HAL-true,6-MX_LWIP_Init-LWIP-false-HAL-false,0-MX_CORTEX_M7_Init-CORTEX_M7-false-HAL-true
PA11.Mode=Device_Only
PC14/OSC32_IN.Mode=LSE-External-Oscillator
RCC.PLLI2SRCLKFreq_Value=96000000
RCC.USART2Freq_Value=54000000
RCC.OscillatorTypeHSE-ClockTree=
PC5.Mode=RMII
PB11.Signal=ETH_TX_EN
PB13.Signal=ETH_TXD1
PD9.Mode=Asynchronous
PinOutPanel.RotationAngle=0
RCC.SYSCLKSource=RCC_SYSCLKSOURCE_PLLCLK
ProjectManager.StackSize=0x400
VP_FREERTOS_VS_CMSIS_V2.Mode=CMSIS_V2
USART3.VirtualMode-Asynchronous=VM_ASYNC
RCC.I2C3Freq_Value=54000000
RCC.LPTIM1Freq_Value=54000000
Mcu.IP4=LWIP
Mcu.IP5=NVIC
RCC.FCLKCortexFreq_Value=216000000
Mcu.IP2=FREERTOS
NVIC.SVCall_IRQn=true\:0\:0\:false\:false\:false\:false\:false\:false
Mcu.IP3=I2C2
Mcu.IP0=CORTEX_M7
Mcu.IP1=ETH
PA12.Signal=USB_OTG_FS_DP
Mcu.UserConstants=
RCC.LCDTFTFreq_Value=48000000
RCC.SDMMCFreq_Value=216000000
Mcu.ThirdPartyNb=0
PH0/OSC_IN.Mode=HSE-External-Clock-Source
RCC.HCLKFreq_Value=216000000
RCC.I2C4Freq_Value=54000000
Mcu.IPNb=10
RCC.PLLI2SRoutputFreq_Value=96000000
ProjectManager.PreviousToolchain=
RCC.APB2TimFreq_Value=216000000
RCC.SPDIFRXFreq_Value=96000000
PH1/OSC_OUT.Signal=RCC_OSC_OUT
Mcu.Pin6=PC1
RCC.SAI2Freq_Value=96000000
Mcu.Pin7=PA1
Mcu.Pin8=PA2
Mcu.Pin9=PA7
RCC.VCOSAIOutputFreq_Value=192000000
FREERTOS.IPParameters=Tasks01,FootprintOK,Queues01
RCC.AHBFreq_Value=216000000
Mcu.Pin0=PC14/OSC32_IN
Mcu.Pin1=PC15/OSC32_OUT
NVIC.ETH_IRQn=true\:5\:0\:true\:false\:true\:false\:false\:true
GPIO.groupedBy=Group By Peripherals
Mcu.Pin2=PF0
Mcu.Pin3=PF1
RCC.USART3Freq_Value=54000000
Mcu.Pin4=PH0/OSC_IN
Mcu.Pin5=PH1/OSC_OUT
RCC.PLLSAIRCLKFreq_Value=96000000
ProjectManager.ProjectBuild=false
RCC.HSE_VALUE=25000000
NVIC.UsageFault_IRQn=true\:0\:0\:false\:false\:true\:false\:false\:false
NVIC.DebugMonitor_IRQn=true\:0\:0\:false\:false\:true\:false\:false\:false
PB2.Signal=GPIO_Output
NVIC.SysTick_IRQn=true\:15\:0\:false\:false\:false\:true\:false\:true
ProjectManager.FirmwarePackage=STM32Cube FW_F7 V1.16.1
MxDb.Version=DB.6.0.21
ProjectManager.BackupPrevious=false
RCC.VCOInputFreq_Value=1000000
PA14.Mode=Serial_Wire
VP_SYS_VS_tim1.Mode=TIM1
File.Version=6
PA8.Signal=USB_OTG_FS_SOF
NVIC.PendSV_IRQn=true\:15\:0\:false\:false\:false\:true\:false\:false
PH1/OSC_OUT.Mode=HSE-External-Clock-Source
ProjectManager.HalAssertFull=false
ProjectManager.ProjectName=ELE400f767
RCC.MCO2PinFreq_Value=216000000
Mcu.Package=LQFP144
PB12.Mode=RMII
NVIC.TimeBase=TIM1_UP_TIM10_IRQn
PC14/OSC32_IN.Signal=RCC_OSC32_IN
ProjectManager.ToolChainLocation=
RCC.LSI_VALUE=32000
NVIC.TimeBaseIP=TIM1
USART3.IPParameters=VirtualMode-Asynchronous
FREERTOS.FootprintOK=true
USB_OTG_FS.VirtualMode=Device_Only
RCC.DFSDMFreq_Value=108000000
RCC.APB2CLKDivider=RCC_HCLK_DIV2
RCC.CECFreq_Value=32786.88524590164
RCC.APB1TimFreq_Value=108000000
NVIC.BusFault_IRQn=true\:0\:0\:false\:false\:true\:false\:false\:false
PF0.Signal=I2C2_SDA
PC5.Signal=ETH_RXD1
USB_OTG_FS.IPParameters=VirtualMode
PB13.Mode=RMII
RCC.DFSDMAudioFreq_Value=96000000
ProjectManager.CustomerFirmwarePackage=
PC4.Mode=RMII
VP_LWIP_VS_Enabled.Signal=LWIP_VS_Enabled
RCC.PLLSAIQCLKFreq_Value=96000000
RCC.I2SFreq_Value=96000000
RCC.PLLQoutputFreq_Value=48000000
ProjectManager.ProjectFileName=ELE400f767.ioc
FREERTOS.Tasks01=mqtt_Client,24,6144,Start_mqtt_Client,Default,NULL,Static,mqtt_ClientBuffer,mqtt_ClientControlBlock
PA7.Mode=RMII
RCC.UART7Freq_Value=54000000
Mcu.PinsNb=27
ProjectManager.NoMain=false
NVIC.SavedSvcallIrqHandlerGenerated=true
RCC.PLLRFreq_Value=216000000
PC4.Signal=ETH_RXD0
ProjectManager.DefaultFWLocation=true
PD9.Signal=USART3_RX
ProjectManager.DeletePrevious=true
RCC.UART8Freq_Value=54000000
RCC.APB1CLKDivider=RCC_HCLK_DIV4
RCC.FamilyName=M
VP_LWIP_VS_Enabled.Mode=Enabled
ETH.IPParameters=MediaInterface
PA13.Signal=SYS_JTMS-SWDIO
PF1.Mode=I2C
PA9.Mode=Activate_VBUS
PB11.Mode=RMII
ProjectManager.TargetToolchain=STM32CubeIDE
RCC.USART6Freq_Value=108000000
PB2.GPIOParameters=GPIO_Label
PA9.Signal=USB_OTG_FS_VBUS
ProjectManager.RegisterCallBack=
RCC.USBFreq_Value=48000000
RCC.PLLSAIoutputFreq_Value=96000000
PA1.Signal=ETH_REF_CLK
PB10.Signal=USART3_TX
RCC.VCOI2SOutputFreq_Value=192000000
RCC.PLLSAIPCLKFreq_Value=96000000
board=custom
RCC.VCOOutputFreq_Value=432000000
ProjectManager.LastFirmware=true
PH0/OSC_IN.Signal=RCC_OSC_IN
NVIC.SavedSystickIrqHandlerGenerated=true
RCC.APB2Freq_Value=108000000
PA1.Mode=RMII
RCC.UART4Freq_Value=54000000
MxCube.Version=6.2.1
RCC.I2C1Freq_Value=54000000
VP_SYS_VS_tim1.Signal=SYS_VS_tim1
RCC.PLLI2SPCLKFreq_Value=96000000
RCC.RNGFreq_Value=48000000
RCC.EthernetFreq_Value=216000000
NVIC.NonMaskableInt_IRQn=true\:0\:0\:false\:false\:true\:false\:false\:false
PF1.Signal=I2C2_SCL
RCC.UART5Freq_Value=54000000
PA13.Mode=Serial_Wire
ProjectManager.FreePins=false
RCC.IPParameters=AHBFreq_Value,APB1CLKDivider,APB1Freq_Value,APB1TimFreq_Value,APB2CLKDivider,APB2Freq_Value,APB2TimFreq_Value,CECFreq_Value,CortexFreq_Value,DFSDMAudioFreq_Value,DFSDMFreq_Value,EthernetFreq_Value,FCLKCortexFreq_Value,FamilyName,HCLKFreq_Value,HSE_VALUE,HSI_VALUE,I2C1Freq_Value,I2C2Freq_Value,I2C3Freq_Value,I2C4Freq_Value,I2SFreq_Value,LCDTFTFreq_Value,LPTIM1Freq_Value,LSI_VALUE,MCO2PinFreq_Value,OscillatorTypeHSE-ClockTree,PLLCLKFreq_Value,PLLI2SPCLKFreq_Value,PLLI2SQCLKFreq_Value,PLLI2SRCLKFreq_Value,PLLI2SRoutputFreq_Value,PLLM,PLLN,PLLQ,PLLQCLKFreq_Value,PLLQoutputFreq_Value,PLLRFreq_Value,PLLSAIPCLKFreq_Value,PLLSAIQCLKFreq_Value,PLLSAIRCLKFreq_Value,PLLSAIoutputFreq_Value,RNGFreq_Value,SAI1Freq_Value,SAI2Freq_Value,SDMMC2Freq_Value,SDMMCFreq_Value,SPDIFRXFreq_Value,SYSCLKFreq_VALUE,SYSCLKSource,UART4Freq_Value,UART5Freq_Value,UART7Freq_Value,UART8Freq_Value,USART1Freq_Value,USART2Freq_Value,USART3Freq_Value,USART6Freq_Value,USBFreq_Value,VCOI2SOutputFreq_Value,VCOInputFreq_Value,VCOOutputFreq_Value,VCOSAIOutputFreq_Value
ProjectManager.AskForMigrate=true
Mcu.Name=STM32F767ZITx
RCC.PLLI2SQCLKFreq_Value=96000000
Mcu.Pin26=VP_SYS_VS_tim1
NVIC.SavedPendsvIrqHandlerGenerated=true
PA2.Signal=ETH_MDIO
Mcu.Pin24=VP_FREERTOS_VS_CMSIS_V2
ProjectManager.UnderRoot=true
Mcu.Pin25=VP_LWIP_VS_Enabled
PB2.Locked=true
Mcu.IP8=USART3
VP_FREERTOS_VS_CMSIS_V2.Signal=FREERTOS_VS_CMSIS_V2
Mcu.IP9=USB_OTG_FS
Mcu.IP6=RCC
Mcu.IP7=SYS
ProjectManager.CoupleFile=true
RCC.SYSCLKFreq_VALUE=216000000
Mcu.Pin22=PA13
ETH.MediaInterface=ETH_MEDIA_INTERFACE_RMII
Mcu.Pin23=PA14
Mcu.Pin20=PA11
Mcu.Pin21=PA12
PA12.Mode=Device_Only
NVIC.ForceEnableDMAVector=true
KeepUserPlacement=false
NVIC.MemoryManagement_IRQn=true\:0\:0\:false\:false\:true\:false\:false\:false
PC15/OSC32_OUT.Mode=LSE-External-Oscillator
ProjectManager.CompilerOptimize=6
PA11.Signal=USB_OTG_FS_DM
PA14.Signal=SYS_JTCK-SWCLK
PB2.GPIO_Label=LED1
ProjectManager.HeapSize=0x200
PF0.Mode=I2C
Mcu.Pin15=PB12
NVIC.HardFault_IRQn=true\:0\:0\:false\:false\:true\:false\:false\:false
LWIP.Version=v2.1.2_Cube
Mcu.Pin16=PB13
Mcu.Pin13=PB10
Mcu.Pin14=PB11
Mcu.Pin19=PA9
NVIC.TIM1_UP_TIM10_IRQn=true\:0\:0\:false\:false\:true\:false\:false\:true
ProjectManager.ComputerToolchain=false
Mcu.Pin17=PD9
RCC.HSI_VALUE=16000000
Mcu.Pin18=PA8
RCC.PLLQ=9
NVIC.PriorityGroup=NVIC_PRIORITYGROUP_4
Mcu.Pin11=PC5
Mcu.Pin12=PB2
RCC.PLLM=25
RCC.PLLN=432
Mcu.Pin10=PC4
PA2.Mode=RMII
PC15/OSC32_OUT.Signal=RCC_OSC32_OUT
PA8.Mode=Activate_SOF_FS
RCC.I2C2Freq_Value=54000000
RCC.SDMMC2Freq_Value=216000000
RCC.APB1Freq_Value=54000000
ProjectManager.DeviceId=STM32F767ZITx
PC1.Signal=ETH_MDC
PB12.Signal=ETH_TXD0
ProjectManager.LibraryCopy=1
PC1.Mode=RMII
PA7.Signal=ETH_CRS_DV
isbadioc=false
